// !$*UTF8*$!
{
	archiveVersion = 1;
	classes = {
	};
	objectVersion = 51;
	objects = {

/* Begin PBXBuildFile section */
		04E65142DA289C6961AB5B26 /* Pods_awsAmplifyTest1.framework in Frameworks */ = {isa = PBXBuildFile; fileRef = 1F3919776FEC065145E5D2A0 /* Pods_awsAmplifyTest1.framework */; };
		613F265A105D7ADAD85CD5AF /* Pods_awsAmplifyTest1_awsAmplifyTest1UITests.framework in Frameworks */ = {isa = PBXBuildFile; fileRef = F7316C2DC5BEC6E796494383 /* Pods_awsAmplifyTest1_awsAmplifyTest1UITests.framework */; };
		9FA1CAF379544893AC5B84F4 /* amplifyconfiguration.json in Resources */ = {isa = PBXBuildFile; fileRef = 29F7A0C492FB4070A3D6D505 /* amplifyconfiguration.json */; };
		B1A440AE259C582E002A0252 /* ImageView.swift in Sources */ = {isa = PBXBuildFile; fileRef = B1A440AD259C582E002A0252 /* ImageView.swift */; };
		B1CD0C3625995B2C006CB647 /* awsAmplifyTest1App.swift in Sources */ = {isa = PBXBuildFile; fileRef = B1CD0C3525995B2C006CB647 /* awsAmplifyTest1App.swift */; };
		B1CD0C3825995B2C006CB647 /* ContentView.swift in Sources */ = {isa = PBXBuildFile; fileRef = B1CD0C3725995B2C006CB647 /* ContentView.swift */; };
		B1CD0C3A25995B2F006CB647 /* Assets.xcassets in Resources */ = {isa = PBXBuildFile; fileRef = B1CD0C3925995B2F006CB647 /* Assets.xcassets */; };
		B1CD0C3D25995B2F006CB647 /* Preview Assets.xcassets in Resources */ = {isa = PBXBuildFile; fileRef = B1CD0C3C25995B2F006CB647 /* Preview Assets.xcassets */; };
		B1CD0C4825995B2F006CB647 /* awsAmplifyTest1Tests.swift in Sources */ = {isa = PBXBuildFile; fileRef = B1CD0C4725995B2F006CB647 /* awsAmplifyTest1Tests.swift */; };
		B1CD0C5325995B2F006CB647 /* awsAmplifyTest1UITests.swift in Sources */ = {isa = PBXBuildFile; fileRef = B1CD0C5225995B2F006CB647 /* awsAmplifyTest1UITests.swift */; };
		B1CD0C7225995FF8006CB647 /* AmplifyFileManager.swift in Sources */ = {isa = PBXBuildFile; fileRef = B1CD0C7125995FF8006CB647 /* AmplifyFileManager.swift */; };
		B1CD0C8A25996F4E006CB647 /* Data.swift in Sources */ = {isa = PBXBuildFile; fileRef = B1CD0C8925996F4E006CB647 /* Data.swift */; };
		B1D89C1E259BF3680052D511 /* phpicker.swift in Sources */ = {isa = PBXBuildFile; fileRef = B1D89C1D259BF3680052D511 /* phpicker.swift */; };
		B704F3D0FC0837F692A1A898 /* Pods_awsAmplifyTest1Tests.framework in Frameworks */ = {isa = PBXBuildFile; fileRef = 45AC5E7DB0D3758E9A5EC3AE /* Pods_awsAmplifyTest1Tests.framework */; };
		D94511D830ED49E2804DB0C2 /* awsconfiguration.json in Resources */ = {isa = PBXBuildFile; fileRef = 2FEFA773876643999A6DECC1 /* awsconfiguration.json */; };
/* End PBXBuildFile section */

/* Begin PBXContainerItemProxy section */
		B1CD0C4425995B2F006CB647 /* PBXContainerItemProxy */ = {
			isa = PBXContainerItemProxy;
			containerPortal = B1CD0C2A25995B2C006CB647 /* Project object */;
			proxyType = 1;
			remoteGlobalIDString = B1CD0C3125995B2C006CB647;
			remoteInfo = awsAmplifyTest1;
		};
		B1CD0C4F25995B2F006CB647 /* PBXContainerItemProxy */ = {
			isa = PBXContainerItemProxy;
			containerPortal = B1CD0C2A25995B2C006CB647 /* Project object */;
			proxyType = 1;
			remoteGlobalIDString = B1CD0C3125995B2C006CB647;
			remoteInfo = awsAmplifyTest1;
		};
/* End PBXContainerItemProxy section */

/* Begin PBXFileReference section */
		0C3AA7301D3F9FEBFD99E9A4 /* Pods-awsAmplifyTest1.debug.xcconfig */ = {isa = PBXFileReference; includeInIndex = 1; lastKnownFileType = text.xcconfig; name = "Pods-awsAmplifyTest1.debug.xcconfig"; path = "Target Support Files/Pods-awsAmplifyTest1/Pods-awsAmplifyTest1.debug.xcconfig"; sourceTree = "<group>"; };
		197CCD32C8077BE224C44596 /* Pods-awsAmplifyTest1Tests.debug.xcconfig */ = {isa = PBXFileReference; includeInIndex = 1; lastKnownFileType = text.xcconfig; name = "Pods-awsAmplifyTest1Tests.debug.xcconfig"; path = "Target Support Files/Pods-awsAmplifyTest1Tests/Pods-awsAmplifyTest1Tests.debug.xcconfig"; sourceTree = "<group>"; };
		1F3919776FEC065145E5D2A0 /* Pods_awsAmplifyTest1.framework */ = {isa = PBXFileReference; explicitFileType = wrapper.framework; includeInIndex = 0; path = Pods_awsAmplifyTest1.framework; sourceTree = BUILT_PRODUCTS_DIR; };
		254C88E9396B4FF3829E6AC6 /* amplifytools.xcconfig */ = {isa = PBXFileReference; explicitFileType = undefined; fileEncoding = 4; includeInIndex = 0; lastKnownFileType = text.xcconfig; path = amplifytools.xcconfig; sourceTree = "<group>"; };
		28AFD385ECB3C4C33ED6C587 /* Pods-awsAmplifyTest1-awsAmplifyTest1UITests.release.xcconfig */ = {isa = PBXFileReference; includeInIndex = 1; lastKnownFileType = text.xcconfig; name = "Pods-awsAmplifyTest1-awsAmplifyTest1UITests.release.xcconfig"; path = "Target Support Files/Pods-awsAmplifyTest1-awsAmplifyTest1UITests/Pods-awsAmplifyTest1-awsAmplifyTest1UITests.release.xcconfig"; sourceTree = "<group>"; };
		29F7A0C492FB4070A3D6D505 /* amplifyconfiguration.json */ = {isa = PBXFileReference; explicitFileType = undefined; fileEncoding = 9; includeInIndex = 0; lastKnownFileType = unknown; path = amplifyconfiguration.json; sourceTree = "<group>"; };
		2FEFA773876643999A6DECC1 /* awsconfiguration.json */ = {isa = PBXFileReference; explicitFileType = undefined; fileEncoding = 9; includeInIndex = 0; lastKnownFileType = unknown; path = awsconfiguration.json; sourceTree = "<group>"; };
		45AC5E7DB0D3758E9A5EC3AE /* Pods_awsAmplifyTest1Tests.framework */ = {isa = PBXFileReference; explicitFileType = wrapper.framework; includeInIndex = 0; path = Pods_awsAmplifyTest1Tests.framework; sourceTree = BUILT_PRODUCTS_DIR; };
		4FA02E63A6EE7664EC7A509A /* Pods-awsAmplifyTest1.release.xcconfig */ = {isa = PBXFileReference; includeInIndex = 1; lastKnownFileType = text.xcconfig; name = "Pods-awsAmplifyTest1.release.xcconfig"; path = "Target Support Files/Pods-awsAmplifyTest1/Pods-awsAmplifyTest1.release.xcconfig"; sourceTree = "<group>"; };
		732CC36395C22660A2C70C5B /* Pods-awsAmplifyTest1Tests.release.xcconfig */ = {isa = PBXFileReference; includeInIndex = 1; lastKnownFileType = text.xcconfig; name = "Pods-awsAmplifyTest1Tests.release.xcconfig"; path = "Target Support Files/Pods-awsAmplifyTest1Tests/Pods-awsAmplifyTest1Tests.release.xcconfig"; sourceTree = "<group>"; };
		B1A440AD259C582E002A0252 /* ImageView.swift */ = {isa = PBXFileReference; lastKnownFileType = sourcecode.swift; path = ImageView.swift; sourceTree = "<group>"; };
		B1CD0C3225995B2C006CB647 /* awsAmplifyTest1.app */ = {isa = PBXFileReference; explicitFileType = wrapper.application; includeInIndex = 0; path = awsAmplifyTest1.app; sourceTree = BUILT_PRODUCTS_DIR; };
		B1CD0C3525995B2C006CB647 /* awsAmplifyTest1App.swift */ = {isa = PBXFileReference; lastKnownFileType = sourcecode.swift; path = awsAmplifyTest1App.swift; sourceTree = "<group>"; };
		B1CD0C3725995B2C006CB647 /* ContentView.swift */ = {isa = PBXFileReference; lastKnownFileType = sourcecode.swift; path = ContentView.swift; sourceTree = "<group>"; };
		B1CD0C3925995B2F006CB647 /* Assets.xcassets */ = {isa = PBXFileReference; lastKnownFileType = folder.assetcatalog; path = Assets.xcassets; sourceTree = "<group>"; };
		B1CD0C3C25995B2F006CB647 /* Preview Assets.xcassets */ = {isa = PBXFileReference; lastKnownFileType = folder.assetcatalog; path = "Preview Assets.xcassets"; sourceTree = "<group>"; };
		B1CD0C3E25995B2F006CB647 /* Info.plist */ = {isa = PBXFileReference; lastKnownFileType = text.plist.xml; path = Info.plist; sourceTree = "<group>"; };
		B1CD0C4325995B2F006CB647 /* awsAmplifyTest1Tests.xctest */ = {isa = PBXFileReference; explicitFileType = wrapper.cfbundle; includeInIndex = 0; path = awsAmplifyTest1Tests.xctest; sourceTree = BUILT_PRODUCTS_DIR; };
		B1CD0C4725995B2F006CB647 /* awsAmplifyTest1Tests.swift */ = {isa = PBXFileReference; lastKnownFileType = sourcecode.swift; path = awsAmplifyTest1Tests.swift; sourceTree = "<group>"; };
		B1CD0C4925995B2F006CB647 /* Info.plist */ = {isa = PBXFileReference; lastKnownFileType = text.plist.xml; path = Info.plist; sourceTree = "<group>"; };
		B1CD0C4E25995B2F006CB647 /* awsAmplifyTest1UITests.xctest */ = {isa = PBXFileReference; explicitFileType = wrapper.cfbundle; includeInIndex = 0; path = awsAmplifyTest1UITests.xctest; sourceTree = BUILT_PRODUCTS_DIR; };
		B1CD0C5225995B2F006CB647 /* awsAmplifyTest1UITests.swift */ = {isa = PBXFileReference; lastKnownFileType = sourcecode.swift; path = awsAmplifyTest1UITests.swift; sourceTree = "<group>"; };
		B1CD0C5425995B2F006CB647 /* Info.plist */ = {isa = PBXFileReference; lastKnownFileType = text.plist.xml; path = Info.plist; sourceTree = "<group>"; };
		B1CD0C7125995FF8006CB647 /* AmplifyFileManager.swift */ = {isa = PBXFileReference; lastKnownFileType = sourcecode.swift; path = AmplifyFileManager.swift; sourceTree = "<group>"; };
		B1CD0C8925996F4E006CB647 /* Data.swift */ = {isa = PBXFileReference; lastKnownFileType = sourcecode.swift; path = Data.swift; sourceTree = "<group>"; };
		B1D89C1D259BF3680052D511 /* phpicker.swift */ = {isa = PBXFileReference; lastKnownFileType = sourcecode.swift; path = phpicker.swift; sourceTree = "<group>"; };
		BB5761DAF9270F0091C655A8 /* Pods-awsAmplifyTest1-awsAmplifyTest1UITests.debug.xcconfig */ = {isa = PBXFileReference; includeInIndex = 1; lastKnownFileType = text.xcconfig; name = "Pods-awsAmplifyTest1-awsAmplifyTest1UITests.debug.xcconfig"; path = "Target Support Files/Pods-awsAmplifyTest1-awsAmplifyTest1UITests/Pods-awsAmplifyTest1-awsAmplifyTest1UITests.debug.xcconfig"; sourceTree = "<group>"; };
		F7316C2DC5BEC6E796494383 /* Pods_awsAmplifyTest1_awsAmplifyTest1UITests.framework */ = {isa = PBXFileReference; explicitFileType = wrapper.framework; includeInIndex = 0; path = Pods_awsAmplifyTest1_awsAmplifyTest1UITests.framework; sourceTree = BUILT_PRODUCTS_DIR; };
/* End PBXFileReference section */

/* Begin PBXFrameworksBuildPhase section */
		B1CD0C2F25995B2C006CB647 /* Frameworks */ = {
			isa = PBXFrameworksBuildPhase;
			buildActionMask = 2147483647;
			files = (
				04E65142DA289C6961AB5B26 /* Pods_awsAmplifyTest1.framework in Frameworks */,
			);
			runOnlyForDeploymentPostprocessing = 0;
		};
		B1CD0C4025995B2F006CB647 /* Frameworks */ = {
			isa = PBXFrameworksBuildPhase;
			buildActionMask = 2147483647;
			files = (
				B704F3D0FC0837F692A1A898 /* Pods_awsAmplifyTest1Tests.framework in Frameworks */,
			);
			runOnlyForDeploymentPostprocessing = 0;
		};
		B1CD0C4B25995B2F006CB647 /* Frameworks */ = {
			isa = PBXFrameworksBuildPhase;
			buildActionMask = 2147483647;
			files = (
				613F265A105D7ADAD85CD5AF /* Pods_awsAmplifyTest1_awsAmplifyTest1UITests.framework in Frameworks */,
			);
			runOnlyForDeploymentPostprocessing = 0;
		};
/* End PBXFrameworksBuildPhase section */

/* Begin PBXGroup section */
		31A3ABB5F84D730A5676CA25 /* Frameworks */ = {
			isa = PBXGroup;
			children = (
				1F3919776FEC065145E5D2A0 /* Pods_awsAmplifyTest1.framework */,
				F7316C2DC5BEC6E796494383 /* Pods_awsAmplifyTest1_awsAmplifyTest1UITests.framework */,
				45AC5E7DB0D3758E9A5EC3AE /* Pods_awsAmplifyTest1Tests.framework */,
			);
			name = Frameworks;
			sourceTree = "<group>";
		};
		90D5BEAD21034228939784C2 /* AmplifyConfig */ = {
			isa = PBXGroup;
			children = (
				254C88E9396B4FF3829E6AC6 /* amplifytools.xcconfig */,
				29F7A0C492FB4070A3D6D505 /* amplifyconfiguration.json */,
				2FEFA773876643999A6DECC1 /* awsconfiguration.json */,
			);
			name = AmplifyConfig;
			path = .;
			sourceTree = "<group>";
		};
		B1CD0C2925995B2C006CB647 = {
			isa = PBXGroup;
			children = (
				90D5BEAD21034228939784C2 /* AmplifyConfig */,
				B1CD0C3425995B2C006CB647 /* awsAmplifyTest1 */,
				B1CD0C4625995B2F006CB647 /* awsAmplifyTest1Tests */,
				B1CD0C5125995B2F006CB647 /* awsAmplifyTest1UITests */,
				B1CD0C3325995B2C006CB647 /* Products */,
				FB2FE3AE0B3ADE0F8D035068 /* Pods */,
				31A3ABB5F84D730A5676CA25 /* Frameworks */,
			);
			sourceTree = "<group>";
		};
		B1CD0C3325995B2C006CB647 /* Products */ = {
			isa = PBXGroup;
			children = (
				B1CD0C3225995B2C006CB647 /* awsAmplifyTest1.app */,
				B1CD0C4325995B2F006CB647 /* awsAmplifyTest1Tests.xctest */,
				B1CD0C4E25995B2F006CB647 /* awsAmplifyTest1UITests.xctest */,
			);
			name = Products;
			sourceTree = "<group>";
		};
		B1CD0C3425995B2C006CB647 /* awsAmplifyTest1 */ = {
			isa = PBXGroup;
			children = (
				B1D89C1C259BF35C0052D511 /* Picker */,
				B1CD0C8825996F41006CB647 /* Data */,
				B1CD0C3525995B2C006CB647 /* awsAmplifyTest1App.swift */,
				B1CD0C3725995B2C006CB647 /* ContentView.swift */,
				B1CD0C3925995B2F006CB647 /* Assets.xcassets */,
				B1CD0C3E25995B2F006CB647 /* Info.plist */,
				B1CD0C3B25995B2F006CB647 /* Preview Content */,
				B1A440AD259C582E002A0252 /* ImageView.swift */,
			);
			path = awsAmplifyTest1;
			sourceTree = "<group>";
		};
		B1CD0C3B25995B2F006CB647 /* Preview Content */ = {
			isa = PBXGroup;
			children = (
				B1CD0C3C25995B2F006CB647 /* Preview Assets.xcassets */,
			);
			path = "Preview Content";
			sourceTree = "<group>";
		};
		B1CD0C4625995B2F006CB647 /* awsAmplifyTest1Tests */ = {
			isa = PBXGroup;
			children = (
				B1CD0C4725995B2F006CB647 /* awsAmplifyTest1Tests.swift */,
				B1CD0C4925995B2F006CB647 /* Info.plist */,
			);
			path = awsAmplifyTest1Tests;
			sourceTree = "<group>";
		};
		B1CD0C5125995B2F006CB647 /* awsAmplifyTest1UITests */ = {
			isa = PBXGroup;
			children = (
				B1CD0C5225995B2F006CB647 /* awsAmplifyTest1UITests.swift */,
				B1CD0C5425995B2F006CB647 /* Info.plist */,
			);
			path = awsAmplifyTest1UITests;
			sourceTree = "<group>";
		};
		B1CD0C7025995FC0006CB647 /* AmplifyHelper */ = {
			isa = PBXGroup;
			children = (
				B1CD0C7125995FF8006CB647 /* AmplifyFileManager.swift */,
			);
			path = AmplifyHelper;
			sourceTree = "<group>";
		};
		B1CD0C8825996F41006CB647 /* Data */ = {
			isa = PBXGroup;
			children = (
				B1CD0C8925996F4E006CB647 /* Data.swift */,
				B1CD0C7025995FC0006CB647 /* AmplifyHelper */,
			);
			path = Data;
			sourceTree = "<group>";
		};
		B1D89C1C259BF35C0052D511 /* Picker */ = {
			isa = PBXGroup;
			children = (
				B1D89C1D259BF3680052D511 /* phpicker.swift */,
			);
			path = Picker;
			sourceTree = "<group>";
		};
		FB2FE3AE0B3ADE0F8D035068 /* Pods */ = {
			isa = PBXGroup;
			children = (
				0C3AA7301D3F9FEBFD99E9A4 /* Pods-awsAmplifyTest1.debug.xcconfig */,
				4FA02E63A6EE7664EC7A509A /* Pods-awsAmplifyTest1.release.xcconfig */,
				BB5761DAF9270F0091C655A8 /* Pods-awsAmplifyTest1-awsAmplifyTest1UITests.debug.xcconfig */,
				28AFD385ECB3C4C33ED6C587 /* Pods-awsAmplifyTest1-awsAmplifyTest1UITests.release.xcconfig */,
				197CCD32C8077BE224C44596 /* Pods-awsAmplifyTest1Tests.debug.xcconfig */,
				732CC36395C22660A2C70C5B /* Pods-awsAmplifyTest1Tests.release.xcconfig */,
			);
			path = Pods;
			sourceTree = "<group>";
		};
/* End PBXGroup section */

/* Begin PBXNativeTarget section */
		B1CD0C3125995B2C006CB647 /* awsAmplifyTest1 */ = {
			isa = PBXNativeTarget;
			buildConfigurationList = B1CD0C5725995B2F006CB647 /* Build configuration list for PBXNativeTarget "awsAmplifyTest1" */;
			buildPhases = (
				D1DCCC5C72C649E99E008B86 /* [CP] Check Pods Manifest.lock */,
				B1CD0C2E25995B2C006CB647 /* Sources */,
				B1CD0C2F25995B2C006CB647 /* Frameworks */,
				B1CD0C3025995B2C006CB647 /* Resources */,
				C78E98F9253D540713F0A2EC /* [CP] Embed Pods Frameworks */,
			);
			buildRules = (
			);
			dependencies = (
			);
			name = awsAmplifyTest1;
			productName = awsAmplifyTest1;
			productReference = B1CD0C3225995B2C006CB647 /* awsAmplifyTest1.app */;
			productType = "com.apple.product-type.application";
		};
		B1CD0C4225995B2F006CB647 /* awsAmplifyTest1Tests */ = {
			isa = PBXNativeTarget;
			buildConfigurationList = B1CD0C5A25995B2F006CB647 /* Build configuration list for PBXNativeTarget "awsAmplifyTest1Tests" */;
			buildPhases = (
				911E4B56697F298CB1059334 /* [CP] Check Pods Manifest.lock */,
				B1CD0C3F25995B2F006CB647 /* Sources */,
				B1CD0C4025995B2F006CB647 /* Frameworks */,
				B1CD0C4125995B2F006CB647 /* Resources */,
			);
			buildRules = (
			);
			dependencies = (
				B1CD0C4525995B2F006CB647 /* PBXTargetDependency */,
			);
			name = awsAmplifyTest1Tests;
			productName = awsAmplifyTest1Tests;
			productReference = B1CD0C4325995B2F006CB647 /* awsAmplifyTest1Tests.xctest */;
			productType = "com.apple.product-type.bundle.unit-test";
		};
		B1CD0C4D25995B2F006CB647 /* awsAmplifyTest1UITests */ = {
			isa = PBXNativeTarget;
			buildConfigurationList = B1CD0C5D25995B2F006CB647 /* Build configuration list for PBXNativeTarget "awsAmplifyTest1UITests" */;
			buildPhases = (
				4B558DE7D42ADCDF90201ED3 /* [CP] Check Pods Manifest.lock */,
				B1CD0C4A25995B2F006CB647 /* Sources */,
				B1CD0C4B25995B2F006CB647 /* Frameworks */,
				B1CD0C4C25995B2F006CB647 /* Resources */,
				3ED1B8E0150AD15057F3DFA4 /* [CP] Embed Pods Frameworks */,
			);
			buildRules = (
			);
			dependencies = (
				B1CD0C5025995B2F006CB647 /* PBXTargetDependency */,
			);
			name = awsAmplifyTest1UITests;
			productName = awsAmplifyTest1UITests;
			productReference = B1CD0C4E25995B2F006CB647 /* awsAmplifyTest1UITests.xctest */;
			productType = "com.apple.product-type.bundle.ui-testing";
		};
/* End PBXNativeTarget section */

/* Begin PBXProject section */
		B1CD0C2A25995B2C006CB647 /* Project object */ = {
			isa = PBXProject;
			attributes = {
				LastSwiftUpdateCheck = 1230;
				LastUpgradeCheck = 1230;
				TargetAttributes = {
					B1CD0C3125995B2C006CB647 = {
						CreatedOnToolsVersion = 12.3;
					};
					B1CD0C4225995B2F006CB647 = {
						CreatedOnToolsVersion = 12.3;
						TestTargetID = B1CD0C3125995B2C006CB647;
					};
					B1CD0C4D25995B2F006CB647 = {
						CreatedOnToolsVersion = 12.3;
						TestTargetID = B1CD0C3125995B2C006CB647;
					};
				};
			};
			buildConfigurationList = B1CD0C2D25995B2C006CB647 /* Build configuration list for PBXProject "awsAmplifyTest1" */;
			compatibilityVersion = "Xcode 9.3";
			developmentRegion = en;
			hasScannedForEncodings = 0;
			knownRegions = (
				en,
				Base,
			);
			mainGroup = B1CD0C2925995B2C006CB647;
			productRefGroup = B1CD0C3325995B2C006CB647 /* Products */;
			projectDirPath = "";
			projectRoot = "";
			targets = (
				B1CD0C3125995B2C006CB647 /* awsAmplifyTest1 */,
				B1CD0C4225995B2F006CB647 /* awsAmplifyTest1Tests */,
				B1CD0C4D25995B2F006CB647 /* awsAmplifyTest1UITests */,
			);
		};
/* End PBXProject section */

/* Begin PBXResourcesBuildPhase section */
		B1CD0C3025995B2C006CB647 /* Resources */ = {
			isa = PBXResourcesBuildPhase;
			buildActionMask = 2147483647;
			files = (
				B1CD0C3D25995B2F006CB647 /* Preview Assets.xcassets in Resources */,
				B1CD0C3A25995B2F006CB647 /* Assets.xcassets in Resources */,
				9FA1CAF379544893AC5B84F4 /* amplifyconfiguration.json in Resources */,
				D94511D830ED49E2804DB0C2 /* awsconfiguration.json in Resources */,
			);
			runOnlyForDeploymentPostprocessing = 0;
		};
		B1CD0C4125995B2F006CB647 /* Resources */ = {
			isa = PBXResourcesBuildPhase;
			buildActionMask = 2147483647;
			files = (
			);
			runOnlyForDeploymentPostprocessing = 0;
		};
		B1CD0C4C25995B2F006CB647 /* Resources */ = {
			isa = PBXResourcesBuildPhase;
			buildActionMask = 2147483647;
			files = (
			);
			runOnlyForDeploymentPostprocessing = 0;
		};
/* End PBXResourcesBuildPhase section */

/* Begin PBXShellScriptBuildPhase section */
		3ED1B8E0150AD15057F3DFA4 /* [CP] Embed Pods Frameworks */ = {
			isa = PBXShellScriptBuildPhase;
			buildActionMask = 2147483647;
			files = (
			);
			inputFileListPaths = (
				"${PODS_ROOT}/Target Support Files/Pods-awsAmplifyTest1-awsAmplifyTest1UITests/Pods-awsAmplifyTest1-awsAmplifyTest1UITests-frameworks-${CONFIGURATION}-input-files.xcfilelist",
			);
			name = "[CP] Embed Pods Frameworks";
			outputFileListPaths = (
				"${PODS_ROOT}/Target Support Files/Pods-awsAmplifyTest1-awsAmplifyTest1UITests/Pods-awsAmplifyTest1-awsAmplifyTest1UITests-frameworks-${CONFIGURATION}-output-files.xcfilelist",
			);
			runOnlyForDeploymentPostprocessing = 0;
			shellPath = /bin/sh;
			shellScript = "\"${PODS_ROOT}/Target Support Files/Pods-awsAmplifyTest1-awsAmplifyTest1UITests/Pods-awsAmplifyTest1-awsAmplifyTest1UITests-frameworks.sh\"\n";
			showEnvVarsInLog = 0;
		};
		4B558DE7D42ADCDF90201ED3 /* [CP] Check Pods Manifest.lock */ = {
			isa = PBXShellScriptBuildPhase;
			buildActionMask = 2147483647;
			files = (
			);
			inputFileListPaths = (
			);
			inputPaths = (
				"${PODS_PODFILE_DIR_PATH}/Podfile.lock",
				"${PODS_ROOT}/Manifest.lock",
			);
			name = "[CP] Check Pods Manifest.lock";
			outputFileListPaths = (
			);
			outputPaths = (
				"$(DERIVED_FILE_DIR)/Pods-awsAmplifyTest1-awsAmplifyTest1UITests-checkManifestLockResult.txt",
			);
			runOnlyForDeploymentPostprocessing = 0;
			shellPath = /bin/sh;
			shellScript = "diff \"${PODS_PODFILE_DIR_PATH}/Podfile.lock\" \"${PODS_ROOT}/Manifest.lock\" > /dev/null\nif [ $? != 0 ] ; then\n    # print error to STDERR\n    echo \"error: The sandbox is not in sync with the Podfile.lock. Run 'pod install' or update your CocoaPods installation.\" >&2\n    exit 1\nfi\n# This output is used by Xcode 'outputs' to avoid re-running this script phase.\necho \"SUCCESS\" > \"${SCRIPT_OUTPUT_FILE_0}\"\n";
			showEnvVarsInLog = 0;
		};
		911E4B56697F298CB1059334 /* [CP] Check Pods Manifest.lock */ = {
			isa = PBXShellScriptBuildPhase;
			buildActionMask = 2147483647;
			files = (
			);
			inputFileListPaths = (
			);
			inputPaths = (
				"${PODS_PODFILE_DIR_PATH}/Podfile.lock",
				"${PODS_ROOT}/Manifest.lock",
			);
			name = "[CP] Check Pods Manifest.lock";
			outputFileListPaths = (
			);
			outputPaths = (
				"$(DERIVED_FILE_DIR)/Pods-awsAmplifyTest1Tests-checkManifestLockResult.txt",
			);
			runOnlyForDeploymentPostprocessing = 0;
			shellPath = /bin/sh;
			shellScript = "diff \"${PODS_PODFILE_DIR_PATH}/Podfile.lock\" \"${PODS_ROOT}/Manifest.lock\" > /dev/null\nif [ $? != 0 ] ; then\n    # print error to STDERR\n    echo \"error: The sandbox is not in sync with the Podfile.lock. Run 'pod install' or update your CocoaPods installation.\" >&2\n    exit 1\nfi\n# This output is used by Xcode 'outputs' to avoid re-running this script phase.\necho \"SUCCESS\" > \"${SCRIPT_OUTPUT_FILE_0}\"\n";
			showEnvVarsInLog = 0;
		};
		C78E98F9253D540713F0A2EC /* [CP] Embed Pods Frameworks */ = {
			isa = PBXShellScriptBuildPhase;
			buildActionMask = 2147483647;
			files = (
			);
			inputFileListPaths = (
				"${PODS_ROOT}/Target Support Files/Pods-awsAmplifyTest1/Pods-awsAmplifyTest1-frameworks-${CONFIGURATION}-input-files.xcfilelist",
			);
			name = "[CP] Embed Pods Frameworks";
			outputFileListPaths = (
				"${PODS_ROOT}/Target Support Files/Pods-awsAmplifyTest1/Pods-awsAmplifyTest1-frameworks-${CONFIGURATION}-output-files.xcfilelist",
			);
			runOnlyForDeploymentPostprocessing = 0;
			shellPath = /bin/sh;
			shellScript = "\"${PODS_ROOT}/Target Support Files/Pods-awsAmplifyTest1/Pods-awsAmplifyTest1-frameworks.sh\"\n";
			showEnvVarsInLog = 0;
		};
		D1DCCC5C72C649E99E008B86 /* [CP] Check Pods Manifest.lock */ = {
			isa = PBXShellScriptBuildPhase;
			buildActionMask = 2147483647;
			files = (
			);
			inputFileListPaths = (
			);
			inputPaths = (
				"${PODS_PODFILE_DIR_PATH}/Podfile.lock",
				"${PODS_ROOT}/Manifest.lock",
			);
			name = "[CP] Check Pods Manifest.lock";
			outputFileListPaths = (
			);
			outputPaths = (
				"$(DERIVED_FILE_DIR)/Pods-awsAmplifyTest1-checkManifestLockResult.txt",
			);
			runOnlyForDeploymentPostprocessing = 0;
			shellPath = /bin/sh;
			shellScript = "diff \"${PODS_PODFILE_DIR_PATH}/Podfile.lock\" \"${PODS_ROOT}/Manifest.lock\" > /dev/null\nif [ $? != 0 ] ; then\n    # print error to STDERR\n    echo \"error: The sandbox is not in sync with the Podfile.lock. Run 'pod install' or update your CocoaPods installation.\" >&2\n    exit 1\nfi\n# This output is used by Xcode 'outputs' to avoid re-running this script phase.\necho \"SUCCESS\" > \"${SCRIPT_OUTPUT_FILE_0}\"\n";
			showEnvVarsInLog = 0;
		};
/* End PBXShellScriptBuildPhase section */

/* Begin PBXSourcesBuildPhase section */
		B1CD0C2E25995B2C006CB647 /* Sources */ = {
			isa = PBXSourcesBuildPhase;
			buildActionMask = 2147483647;
			files = (
				B1A440AE259C582E002A0252 /* ImageView.swift in Sources */,
				B1CD0C3825995B2C006CB647 /* ContentView.swift in Sources */,
				B1CD0C7225995FF8006CB647 /* AmplifyFileManager.swift in Sources */,
				B1D89C1E259BF3680052D511 /* phpicker.swift in Sources */,
				B1CD0C3625995B2C006CB647 /* awsAmplifyTest1App.swift in Sources */,
				B1CD0C8A25996F4E006CB647 /* Data.swift in Sources */,
			);
			runOnlyForDeploymentPostprocessing = 0;
		};
		B1CD0C3F25995B2F006CB647 /* Sources */ = {
			isa = PBXSourcesBuildPhase;
			buildActionMask = 2147483647;
			files = (
				B1CD0C4825995B2F006CB647 /* awsAmplifyTest1Tests.swift in Sources */,
			);
			runOnlyForDeploymentPostprocessing = 0;
		};
		B1CD0C4A25995B2F006CB647 /* Sources */ = {
			isa = PBXSourcesBuildPhase;
			buildActionMask = 2147483647;
			files = (
				B1CD0C5325995B2F006CB647 /* awsAmplifyTest1UITests.swift in Sources */,
			);
			runOnlyForDeploymentPostprocessing = 0;
		};
/* End PBXSourcesBuildPhase section */

/* Begin PBXTargetDependency section */
		B1CD0C4525995B2F006CB647 /* PBXTargetDependency */ = {
			isa = PBXTargetDependency;
			target = B1CD0C3125995B2C006CB647 /* awsAmplifyTest1 */;
			targetProxy = B1CD0C4425995B2F006CB647 /* PBXContainerItemProxy */;
		};
		B1CD0C5025995B2F006CB647 /* PBXTargetDependency */ = {
			isa = PBXTargetDependency;
			target = B1CD0C3125995B2C006CB647 /* awsAmplifyTest1 */;
			targetProxy = B1CD0C4F25995B2F006CB647 /* PBXContainerItemProxy */;
		};
/* End PBXTargetDependency section */

/* Begin XCBuildConfiguration section */
		B1CD0C5525995B2F006CB647 /* Debug */ = {
			isa = XCBuildConfiguration;
			buildSettings = {
				ALWAYS_SEARCH_USER_PATHS = NO;
				CLANG_ANALYZER_NONNULL = YES;
				CLANG_ANALYZER_NUMBER_OBJECT_CONVERSION = YES_AGGRESSIVE;
				CLANG_CXX_LANGUAGE_STANDARD = "gnu++14";
				CLANG_CXX_LIBRARY = "libc++";
				CLANG_ENABLE_MODULES = YES;
				CLANG_ENABLE_OBJC_ARC = YES;
				CLANG_ENABLE_OBJC_WEAK = YES;
				CLANG_WARN_BLOCK_CAPTURE_AUTORELEASING = YES;
				CLANG_WARN_BOOL_CONVERSION = YES;
				CLANG_WARN_COMMA = YES;
				CLANG_WARN_CONSTANT_CONVERSION = YES;
				CLANG_WARN_DEPRECATED_OBJC_IMPLEMENTATIONS = YES;
				CLANG_WARN_DIRECT_OBJC_ISA_USAGE = YES_ERROR;
				CLANG_WARN_DOCUMENTATION_COMMENTS = YES;
				CLANG_WARN_EMPTY_BODY = YES;
				CLANG_WARN_ENUM_CONVERSION = YES;
				CLANG_WARN_INFINITE_RECURSION = YES;
				CLANG_WARN_INT_CONVERSION = YES;
				CLANG_WARN_NON_LITERAL_NULL_CONVERSION = YES;
				CLANG_WARN_OBJC_IMPLICIT_RETAIN_SELF = YES;
				CLANG_WARN_OBJC_LITERAL_CONVERSION = YES;
				CLANG_WARN_OBJC_ROOT_CLASS = YES_ERROR;
				CLANG_WARN_QUOTED_INCLUDE_IN_FRAMEWORK_HEADER = YES;
				CLANG_WARN_RANGE_LOOP_ANALYSIS = YES;
				CLANG_WARN_STRICT_PROTOTYPES = YES;
				CLANG_WARN_SUSPICIOUS_MOVE = YES;
				CLANG_WARN_UNGUARDED_AVAILABILITY = YES_AGGRESSIVE;
				CLANG_WARN_UNREACHABLE_CODE = YES;
				CLANG_WARN__DUPLICATE_METHOD_MATCH = YES;
				COPY_PHASE_STRIP = NO;
				DEBUG_INFORMATION_FORMAT = dwarf;
				ENABLE_STRICT_OBJC_MSGSEND = YES;
				ENABLE_TESTABILITY = YES;
				GCC_C_LANGUAGE_STANDARD = gnu11;
				GCC_DYNAMIC_NO_PIC = NO;
				GCC_NO_COMMON_BLOCKS = YES;
				GCC_OPTIMIZATION_LEVEL = 0;
				GCC_PREPROCESSOR_DEFINITIONS = (
					"DEBUG=1",
					"$(inherited)",
				);
				GCC_WARN_64_TO_32_BIT_CONVERSION = YES;
				GCC_WARN_ABOUT_RETURN_TYPE = YES_ERROR;
				GCC_WARN_UNDECLARED_SELECTOR = YES;
				GCC_WARN_UNINITIALIZED_AUTOS = YES_AGGRESSIVE;
				GCC_WARN_UNUSED_FUNCTION = YES;
				GCC_WARN_UNUSED_VARIABLE = YES;
				IPHONEOS_DEPLOYMENT_TARGET = 14.3;
				MTL_ENABLE_DEBUG_INFO = INCLUDE_SOURCE;
				MTL_FAST_MATH = YES;
				ONLY_ACTIVE_ARCH = YES;
				SDKROOT = iphoneos;
				SWIFT_ACTIVE_COMPILATION_CONDITIONS = DEBUG;
				SWIFT_OPTIMIZATION_LEVEL = "-Onone";
			};
			name = Debug;
		};
		B1CD0C5625995B2F006CB647 /* Release */ = {
			isa = XCBuildConfiguration;
			buildSettings = {
				ALWAYS_SEARCH_USER_PATHS = NO;
				CLANG_ANALYZER_NONNULL = YES;
				CLANG_ANALYZER_NUMBER_OBJECT_CONVERSION = YES_AGGRESSIVE;
				CLANG_CXX_LANGUAGE_STANDARD = "gnu++14";
				CLANG_CXX_LIBRARY = "libc++";
				CLANG_ENABLE_MODULES = YES;
				CLANG_ENABLE_OBJC_ARC = YES;
				CLANG_ENABLE_OBJC_WEAK = YES;
				CLANG_WARN_BLOCK_CAPTURE_AUTORELEASING = YES;
				CLANG_WARN_BOOL_CONVERSION = YES;
				CLANG_WARN_COMMA = YES;
				CLANG_WARN_CONSTANT_CONVERSION = YES;
				CLANG_WARN_DEPRECATED_OBJC_IMPLEMENTATIONS = YES;
				CLANG_WARN_DIRECT_OBJC_ISA_USAGE = YES_ERROR;
				CLANG_WARN_DOCUMENTATION_COMMENTS = YES;
				CLANG_WARN_EMPTY_BODY = YES;
				CLANG_WARN_ENUM_CONVERSION = YES;
				CLANG_WARN_INFINITE_RECURSION = YES;
				CLANG_WARN_INT_CONVERSION = YES;
				CLANG_WARN_NON_LITERAL_NULL_CONVERSION = YES;
				CLANG_WARN_OBJC_IMPLICIT_RETAIN_SELF = YES;
				CLANG_WARN_OBJC_LITERAL_CONVERSION = YES;
				CLANG_WARN_OBJC_ROOT_CLASS = YES_ERROR;
				CLANG_WARN_QUOTED_INCLUDE_IN_FRAMEWORK_HEADER = YES;
				CLANG_WARN_RANGE_LOOP_ANALYSIS = YES;
				CLANG_WARN_STRICT_PROTOTYPES = YES;
				CLANG_WARN_SUSPICIOUS_MOVE = YES;
				CLANG_WARN_UNGUARDED_AVAILABILITY = YES_AGGRESSIVE;
				CLANG_WARN_UNREACHABLE_CODE = YES;
				CLANG_WARN__DUPLICATE_METHOD_MATCH = YES;
				COPY_PHASE_STRIP = NO;
				DEBUG_INFORMATION_FORMAT = "dwarf-with-dsym";
				ENABLE_NS_ASSERTIONS = NO;
				ENABLE_STRICT_OBJC_MSGSEND = YES;
				GCC_C_LANGUAGE_STANDARD = gnu11;
				GCC_NO_COMMON_BLOCKS = YES;
				GCC_WARN_64_TO_32_BIT_CONVERSION = YES;
				GCC_WARN_ABOUT_RETURN_TYPE = YES_ERROR;
				GCC_WARN_UNDECLARED_SELECTOR = YES;
				GCC_WARN_UNINITIALIZED_AUTOS = YES_AGGRESSIVE;
				GCC_WARN_UNUSED_FUNCTION = YES;
				GCC_WARN_UNUSED_VARIABLE = YES;
				IPHONEOS_DEPLOYMENT_TARGET = 14.3;
				MTL_ENABLE_DEBUG_INFO = NO;
				MTL_FAST_MATH = YES;
				SDKROOT = iphoneos;
				SWIFT_COMPILATION_MODE = wholemodule;
				SWIFT_OPTIMIZATION_LEVEL = "-O";
				VALIDATE_PRODUCT = YES;
			};
			name = Release;
		};
		B1CD0C5825995B2F006CB647 /* Debug */ = {
			isa = XCBuildConfiguration;
			baseConfigurationReference = 0C3AA7301D3F9FEBFD99E9A4 /* Pods-awsAmplifyTest1.debug.xcconfig */;
			buildSettings = {
				ASSETCATALOG_COMPILER_APPICON_NAME = AppIcon;
				ASSETCATALOG_COMPILER_GLOBAL_ACCENT_COLOR_NAME = AccentColor;
				CODE_SIGN_STYLE = Automatic;
				DEVELOPMENT_ASSET_PATHS = "\"awsAmplifyTest1/Preview Content\"";
				DEVELOPMENT_TEAM = C5978J5948;
				ENABLE_PREVIEWS = YES;
				INFOPLIST_FILE = awsAmplifyTest1/Info.plist;
				IPHONEOS_DEPLOYMENT_TARGET = 14.0;
				LD_RUNPATH_SEARCH_PATHS = (
					"$(inherited)",
					"@executable_path/Frameworks",
				);
				PRODUCT_BUNDLE_IDENTIFIER = ganesh.awsAmplifyTest1;
				PRODUCT_NAME = "$(TARGET_NAME)";
				SWIFT_VERSION = 5.0;
				TARGETED_DEVICE_FAMILY = "1,2";
			};
			name = Debug;
		};
		B1CD0C5925995B2F006CB647 /* Release */ = {
			isa = XCBuildConfiguration;
			baseConfigurationReference = 4FA02E63A6EE7664EC7A509A /* Pods-awsAmplifyTest1.release.xcconfig */;
			buildSettings = {
				ASSETCATALOG_COMPILER_APPICON_NAME = AppIcon;
				ASSETCATALOG_COMPILER_GLOBAL_ACCENT_COLOR_NAME = AccentColor;
				CODE_SIGN_STYLE = Automatic;
				DEVELOPMENT_ASSET_PATHS = "\"awsAmplifyTest1/Preview Content\"";
				DEVELOPMENT_TEAM = C5978J5948;
				ENABLE_PREVIEWS = YES;
				INFOPLIST_FILE = awsAmplifyTest1/Info.plist;
				IPHONEOS_DEPLOYMENT_TARGET = 14.0;
				LD_RUNPATH_SEARCH_PATHS = (
					"$(inherited)",
					"@executable_path/Frameworks",
				);
				PRODUCT_BUNDLE_IDENTIFIER = ganesh.awsAmplifyTest1;
				PRODUCT_NAME = "$(TARGET_NAME)";
				SWIFT_VERSION = 5.0;
				TARGETED_DEVICE_FAMILY = "1,2";
			};
			name = Release;
		};
		B1CD0C5B25995B2F006CB647 /* Debug */ = {
			isa = XCBuildConfiguration;
			baseConfigurationReference = 197CCD32C8077BE224C44596 /* Pods-awsAmplifyTest1Tests.debug.xcconfig */;
			buildSettings = {
				ALWAYS_EMBED_SWIFT_STANDARD_LIBRARIES = YES;
				BUNDLE_LOADER = "$(TEST_HOST)";
				CODE_SIGN_STYLE = Automatic;
				DEVELOPMENT_TEAM = C5978J5948;
				INFOPLIST_FILE = awsAmplifyTest1Tests/Info.plist;
				IPHONEOS_DEPLOYMENT_TARGET = 14.0;
				LD_RUNPATH_SEARCH_PATHS = (
					"$(inherited)",
					"@executable_path/Frameworks",
					"@loader_path/Frameworks",
				);
				PRODUCT_BUNDLE_IDENTIFIER = ganesh.awsAmplifyTest1Tests;
				PRODUCT_NAME = "$(TARGET_NAME)";
				SWIFT_VERSION = 5.0;
				TARGETED_DEVICE_FAMILY = "1,2";
				TEST_HOST = "$(BUILT_PRODUCTS_DIR)/awsAmplifyTest1.app/awsAmplifyTest1";
			};
			name = Debug;
		};
		B1CD0C5C25995B2F006CB647 /* Release */ = {
			isa = XCBuildConfiguration;
			baseConfigurationReference = 732CC36395C22660A2C70C5B /* Pods-awsAmplifyTest1Tests.release.xcconfig */;
			buildSettings = {
				ALWAYS_EMBED_SWIFT_STANDARD_LIBRARIES = YES;
				BUNDLE_LOADER = "$(TEST_HOST)";
				CODE_SIGN_STYLE = Automatic;
				DEVELOPMENT_TEAM = C5978J5948;
				INFOPLIST_FILE = awsAmplifyTest1Tests/Info.plist;
				IPHONEOS_DEPLOYMENT_TARGET = 14.0;
				LD_RUNPATH_SEARCH_PATHS = (
					"$(inherited)",
					"@executable_path/Frameworks",
					"@loader_path/Frameworks",
				);
				PRODUCT_BUNDLE_IDENTIFIER = ganesh.awsAmplifyTest1Tests;
				PRODUCT_NAME = "$(TARGET_NAME)";
				SWIFT_VERSION = 5.0;
				TARGETED_DEVICE_FAMILY = "1,2";
				TEST_HOST = "$(BUILT_PRODUCTS_DIR)/awsAmplifyTest1.app/awsAmplifyTest1";
			};
			name = Release;
		};
		B1CD0C5E25995B2F006CB647 /* Debug */ = {
			isa = XCBuildConfiguration;
			baseConfigurationReference = BB5761DAF9270F0091C655A8 /* Pods-awsAmplifyTest1-awsAmplifyTest1UITests.debug.xcconfig */;
			buildSettings = {
				ALWAYS_EMBED_SWIFT_STANDARD_LIBRARIES = YES;
				CODE_SIGN_STYLE = Automatic;
				DEVELOPMENT_TEAM = C5978J5948;
				INFOPLIST_FILE = awsAmplifyTest1UITests/Info.plist;
				LD_RUNPATH_SEARCH_PATHS = (
					"$(inherited)",
					"@executable_path/Frameworks",
					"@loader_path/Frameworks",
				);
				PRODUCT_BUNDLE_IDENTIFIER = ganesh.awsAmplifyTest1UITests;
				PRODUCT_NAME = "$(TARGET_NAME)";
				SWIFT_VERSION = 5.0;
				TARGETED_DEVICE_FAMILY = "1,2";
				TEST_TARGET_NAME = awsAmplifyTest1;
			};
			name = Debug;
		};
		B1CD0C5F25995B2F006CB647 /* Release */ = {
			isa = XCBuildConfiguration;
			baseConfigurationReference = 28AFD385ECB3C4C33ED6C587 /* Pods-awsAmplifyTest1-awsAmplifyTest1UITests.release.xcconfig */;
			buildSettings = {
				ALWAYS_EMBED_SWIFT_STANDARD_LIBRARIES = YES;
				CODE_SIGN_STYLE = Automatic;
				DEVELOPMENT_TEAM = C5978J5948;
				INFOPLIST_FILE = awsAmplifyTest1UITests/Info.plist;
				LD_RUNPATH_SEARCH_PATHS = (
					"$(inherited)",
					"@executable_path/Frameworks",
					"@loader_path/Frameworks",
				);
				PRODUCT_BUNDLE_IDENTIFIER = ganesh.awsAmplifyTest1UITests;
				PRODUCT_NAME = "$(TARGET_NAME)";
				SWIFT_VERSION = 5.0;
				TARGETED_DEVICE_FAMILY = "1,2";
				TEST_TARGET_NAME = awsAmplifyTest1;
			};
			name = Release;
		};
/* End XCBuildConfiguration section */

/* Begin XCConfigurationList section */
		B1CD0C2D25995B2C006CB647 /* Build configuration list for PBXProject "awsAmplifyTest1" */ = {
			isa = XCConfigurationList;
			buildConfigurations = (
				B1CD0C5525995B2F006CB647 /* Debug */,
				B1CD0C5625995B2F006CB647 /* Release */,
			);
			defaultConfigurationIsVisible = 0;
			defaultConfigurationName = Release;
		};
		B1CD0C5725995B2F006CB647 /* Build configuration list for PBXNativeTarget "awsAmplifyTest1" */ = {
			isa = XCConfigurationList;
			buildConfigurations = (
				B1CD0C5825995B2F006CB647 /* Debug */,
				B1CD0C5925995B2F006CB647 /* Release */,
			);
			defaultConfigurationIsVisible = 0;
			defaultConfigurationName = Release;
		};
		B1CD0C5A25995B2F006CB647 /* Build configuration list for PBXNativeTarget "awsAmplifyTest1Tests" */ = {
			isa = XCConfigurationList;
			buildConfigurations = (
				B1CD0C5B25995B2F006CB647 /* Debug */,
				B1CD0C5C25995B2F006CB647 /* Release */,
			);
			defaultConfigurationIsVisible = 0;
			defaultConfigurationName = Release;
		};
		B1CD0C5D25995B2F006CB647 /* Build configuration list for PBXNativeTarget "awsAmplifyTest1UITests" */ = {
			isa = XCConfigurationList;
			buildConfigurations = (
				B1CD0C5E25995B2F006CB647 /* Debug */,
				B1CD0C5F25995B2F006CB647 /* Release */,
			);
			defaultConfigurationIsVisible = 0;
			defaultConfigurationName = Release;
		};
/* End XCConfigurationList section */
	};
	rootObject = B1CD0C2A25995B2C006CB647 /* Project object */;
}
